
Microsoft Visual Studio Solution File, Format Version 12.00
# Visual Studio Version 17
VisualStudioVersion = 17.5.002.0
MinimumVisualStudioVersion = 10.0.40219.1
Project("{9A19103F-16F7-4668-BE54-9A1E7A4F7556}") = "CALCULATOR", "CALCULATOR.csproj", "{BEE92E12-88ED-4581-B2E0-C410BC01A901}"
EndProject
Global
	GlobalSection(SolutionConfigurationPlatforms) = preSolution
		Debug|Any CPU = Debug|Any CPU
		Release|Any CPU = Release|Any CPU
	EndGlobalSection
	GlobalSection(ProjectConfigurationPlatforms) = postSolution
		{BEE92E12-88ED-4581-B2E0-C410BC01A901}.Debug|Any CPU.ActiveCfg = Debug|Any CPU
		{BEE92E12-88ED-4581-B2E0-C410BC01A901}.Debug|Any CPU.Build.0 = Debug|Any CPU
		{BEE92E12-88ED-4581-B2E0-C410BC01A901}.Release|Any CPU.ActiveCfg = Release|Any CPU
		{BEE92E12-88ED-4581-B2E0-C410BC01A901}.Release|Any CPU.Build.0 = Release|Any CPU
	EndGlobalSection
	GlobalSection(SolutionProperties) = preSolution
		HideSolutionNode = FALSE
	EndGlobalSection
	GlobalSection(ExtensibilityGlobals) = postSolution
		SolutionGuid = {6802EA8C-4C76-4BF9-8E04-366F8B117E11}
	EndGlobalSection
EndGlobal
